
Microsoft Visual Studio Solution File, Format Version 12.00
# Visual Studio Version 17
VisualStudioVersion = 17.11.35125.118
MinimumVisualStudioVersion = 10.0.40219.1
Project("{2150E333-8FDC-42A3-9474-1A3956D46DE8}") = "Services", "Services", "{54A83216-C617-4D4A-B4EA-B5DE7F1C7264}"
EndProject
Project("{2150E333-8FDC-42A3-9474-1A3956D46DE8}") = "Gateways", "Gateways", "{7AB81441-67EE-432A-83AC-F7CF51CB9F6F}"
EndProject
Project("{2150E333-8FDC-42A3-9474-1A3956D46DE8}") = "Infra", "Infra", "{D1124210-8702-4039-8190-1272EB32A79C}"
EndProject
Project("{2150E333-8FDC-42A3-9474-1A3956D46DE8}") = "Shared", "Shared", "{70A88F72-361B-41DA-825A-51284328AD87}"
EndProject
Project("{2150E333-8FDC-42A3-9474-1A3956D46DE8}") = "BuildingBlocks", "BuildingBlocks", "{3B1F2FFF-8A02-49E0-BAC2-36CC43EDE2BD}"
EndProject
Project("{2150E333-8FDC-42A3-9474-1A3956D46DE8}") = "SharedKernel", "SharedKernel", "{056B0DEC-C751-4F4C-B750-9A46B2E241D1}"
EndProject
Project("{2150E333-8FDC-42A3-9474-1A3956D46DE8}") = "Auth", "Auth", "{16AB687D-94C4-4D46-93C2-34F6A6880AE9}"
EndProject
Project("{2150E333-8FDC-42A3-9474-1A3956D46DE8}") = "Upload", "Upload", "{9FA62F1E-C3A7-4908-9E6E-EA4409FCB47A}"
EndProject
Project("{2150E333-8FDC-42A3-9474-1A3956D46DE8}") = "Mail", "Mail", "{9E145030-52A3-4B43-B6F6-E8FAD4B42BE0}"
EndProject
Project("{2150E333-8FDC-42A3-9474-1A3956D46DE8}") = "Article", "Article", "{3F3E7FC3-9C48-4B74-A22A-427EF060E48E}"
	ProjectSection(SolutionItems) = preProject
		Services\Article\docker-compose.yaml = Services\Article\docker-compose.yaml
		Services\Article\DockerFile = Services\Article\DockerFile
	EndProjectSection
EndProject
Project("{2150E333-8FDC-42A3-9474-1A3956D46DE8}") = "Posts", "Posts", "{673BA6B3-C2D1-41EC-96CF-B9D335F30683}"
EndProject
Project("{2150E333-8FDC-42A3-9474-1A3956D46DE8}") = "Comments", "Comments", "{43648065-3E03-4170-B3A7-24198C25D189}"
EndProject
Project("{2150E333-8FDC-42A3-9474-1A3956D46DE8}") = "Groups", "Groups", "{A6013299-F31B-401E-BCB5-BEDBD8A63D2D}"
EndProject
Project("{2150E333-8FDC-42A3-9474-1A3956D46DE8}") = "Chat", "Chat", "{3006791C-DA4B-4A7D-99C5-D539357BC557}"
EndProject
Project("{2150E333-8FDC-42A3-9474-1A3956D46DE8}") = "Notifications", "Notifications", "{C99D7D4E-65A6-41EB-B65C-D083C5833091}"
EndProject
Project("{2150E333-8FDC-42A3-9474-1A3956D46DE8}") = "Search", "Search", "{405D1EE8-A63E-485A-9910-C6ADAA15D00F}"
EndProject
Project("{2150E333-8FDC-42A3-9474-1A3956D46DE8}") = "Events", "Events", "{6DFB3B3F-A669-462E-8BB6-8DC57403F139}"
EndProject
Project("{2150E333-8FDC-42A3-9474-1A3956D46DE8}") = "User", "User", "{EE3214EE-0E65-4C15-A57A-66F019C36F17}"
EndProject
Project("{9A19103F-16F7-4668-BE54-9A1E7A4F7556}") = "Auth.API", "Services\Auth\Auth.API\Auth.API.csproj", "{291E8254-9F45-4309-927A-A5EA3F84F542}"
EndProject
Project("{FAE04EC0-301F-11D3-BF4B-00C04F79EFBC}") = "Auth.Domain", "Services\Auth\Auth.Domain\Auth.Domain.csproj", "{A39C7903-5F16-41C6-9275-94E3E391DFA0}"
EndProject
Project("{FAE04EC0-301F-11D3-BF4B-00C04F79EFBC}") = "Mail.API", "Services\Mail\Mail.API\Mail.API.csproj", "{9BDC2EF2-87EC-407C-ACC2-5E9941E71C1F}"
EndProject
Project("{FAE04EC0-301F-11D3-BF4B-00C04F79EFBC}") = "BuildingBlocks", "Shared\BuildingBlocks\BuildingBlocks\BuildingBlocks.csproj", "{53F4005E-6E19-4588-901F-C06C630A1007}"
EndProject
Project("{FAE04EC0-301F-11D3-BF4B-00C04F79EFBC}") = "ShredKernel", "Shared\ShredKernel\ShredKernel\ShredKernel.csproj", "{05B413C2-BA3E-4716-A2F6-C09992967CE5}"
EndProject
Project("{FAE04EC0-301F-11D3-BF4B-00C04F79EFBC}") = "Auth.Application", "Services\Auth\Auth.Application\Auth.Application.csproj", "{4108D498-C42C-4CD9-8851-ED2E0900178F}"
EndProject
Project("{FAE04EC0-301F-11D3-BF4B-00C04F79EFBC}") = "Auth.Infrastructure", "Services\Auth\Auth.Infrastructure\Auth.Infrastructure.csproj", "{52353ABC-DDF1-4854-B276-0704D105FEEA}"
EndProject
Project("{FAE04EC0-301F-11D3-BF4B-00C04F79EFBC}") = "Search.API", "Services\Search\Search.API\Search.API.csproj", "{B70D7D61-CCFA-4143-AD17-7E3837A60D37}"
EndProject
Project("{FAE04EC0-301F-11D3-BF4B-00C04F79EFBC}") = "Search.Domain", "Services\Search\Search.Domain\Search.Domain.csproj", "{A984EBD1-D8F0-44E6-A7A1-AAE44909C13F}"
EndProject
Project("{FAE04EC0-301F-11D3-BF4B-00C04F79EFBC}") = "Search.Application", "Services\Search\Search.Application\Search.Application.csproj", "{032F8027-00FA-405A-9795-1B90E0BF37D2}"
EndProject
Project("{FAE04EC0-301F-11D3-BF4B-00C04F79EFBC}") = "Search.Infrastructure", "Services\Search\Search.Infrastructure\Search.Infrastructure.csproj", "{1422B68E-9EA9-491C-93B1-B45FD47372A8}"
EndProject
Project("{FAE04EC0-301F-11D3-BF4B-00C04F79EFBC}") = "ApiGateways", "Gateways\ApiGateways\ApiGateways.csproj", "{2AB94516-1AC0-42AA-9FEB-C4AA5180FE10}"
EndProject
Project("{2150E333-8FDC-42A3-9474-1A3956D46DE8}") = "App", "App", "{DE7CB410-90FE-400A-8B42-B5D8C43262D7}"
EndProject
Project("{FAE04EC0-301F-11D3-BF4B-00C04F79EFBC}") = "BuildingBlocks.Messaging", "Shared\BuildingBlocks\BuildingBlocks.Messaging\BuildingBlocks.Messaging.csproj", "{7FA12F0C-BCB6-4E41-9A9E-5E654E2F6BB7}"
EndProject
Project("{FAE04EC0-301F-11D3-BF4B-00C04F79EFBC}") = "Upload.API", "Services\Upload\Upload.API\Upload.API.csproj", "{013E1010-C47B-42FD-AA16-71CEC8E365A4}"
EndProject
Project("{FAE04EC0-301F-11D3-BF4B-00C04F79EFBC}") = "Article.API", "Services\Article\Article.API\Article.API.csproj", "{E7139455-7C64-4711-A86E-E785CB4FBC23}"
EndProject
Project("{FAE04EC0-301F-11D3-BF4B-00C04F79EFBC}") = "Article.Domain", "Services\Article\Article.Domain\Article.Domain.csproj", "{3B2B2003-67EC-4372-B0FE-A69321B1052C}"
EndProject
Project("{FAE04EC0-301F-11D3-BF4B-00C04F79EFBC}") = "Article.Application", "Services\Article\Article.Application\Article.Application.csproj", "{9D1156B0-EDA3-4E2A-998C-D0FC283CD09F}"
EndProject
Project("{FAE04EC0-301F-11D3-BF4B-00C04F79EFBC}") = "Article.Infrastructure", "Services\Article\Article.Infrastructure\Article.Infrastructure.csproj", "{F52E0513-DF34-4620-B290-05598C1BDEBA}"
EndProject
Project("{FAE04EC0-301F-11D3-BF4B-00C04F79EFBC}") = "Notifications.API", "Services\Notifications\Notifications.API\Notifications.API.csproj", "{F31EE5AC-43BB-4684-B8C4-DE22B5992DFD}"
EndProject
Project("{FAE04EC0-301F-11D3-BF4B-00C04F79EFBC}") = "Notifications.Domain", "Services\Notifications\Notifications.Domain\Notifications.Domain.csproj", "{726EF1C4-2670-4D95-B33E-83FFF9081934}"
EndProject
Project("{FAE04EC0-301F-11D3-BF4B-00C04F79EFBC}") = "Notifications.Application", "Services\Notifications\Notifications.Application\Notifications.Application.csproj", "{89721F47-1F26-4EC2-A725-32662195A158}"
EndProject
Project("{FAE04EC0-301F-11D3-BF4B-00C04F79EFBC}") = "Notifications.Infrastructure", "Services\Notifications\Notifications.Infrastructure\Notifications.Infrastructure.csproj", "{4C570DF4-A763-46D2-AFD4-764061170789}"
EndProject
Project("{FAE04EC0-301F-11D3-BF4B-00C04F79EFBC}") = "Posts.API", "Services\Posts\Posts.API\Posts.API.csproj", "{5DC62EC3-BE40-43A4-8B00-C1BB5DFAA132}"
EndProject
Project("{FAE04EC0-301F-11D3-BF4B-00C04F79EFBC}") = "Posts.Domain", "Services\Posts\Posts.Domain\Posts.Domain.csproj", "{BF3EB4BB-EC29-41E6-8236-91DB2B6A5E1C}"
EndProject
Project("{FAE04EC0-301F-11D3-BF4B-00C04F79EFBC}") = "Posts.Application", "Services\Posts\Posts.Application\Posts.Application.csproj", "{45B6AC85-45A4-4950-BB86-E3D1DE68F32F}"
EndProject
Project("{FAE04EC0-301F-11D3-BF4B-00C04F79EFBC}") = "Posts.Infrastructure", "Services\Posts\Posts.Infrastructure\Posts.Infrastructure.csproj", "{F42FB233-6F60-4092-9F7A-E034FE693594}"
EndProject
Project("{FAE04EC0-301F-11D3-BF4B-00C04F79EFBC}") = "Groups.API", "Services\Groups\Groups.API\Groups.API.csproj", "{DD7D14A4-362B-45C8-8657-4C1887576366}"
EndProject
Project("{FAE04EC0-301F-11D3-BF4B-00C04F79EFBC}") = "Groups.Domain", "Services\Groups\Groups.Domain\Groups.Domain.csproj", "{D34E79BA-B218-4A0F-BF33-51A8AD637EA2}"
EndProject
Project("{FAE04EC0-301F-11D3-BF4B-00C04F79EFBC}") = "Groups.Application", "Services\Groups\Groups.Application\Groups.Application.csproj", "{78C8BB3F-F96B-4A14-8690-697CCDAE7840}"
EndProject
Project("{FAE04EC0-301F-11D3-BF4B-00C04F79EFBC}") = "Groups.Infrastructure", "Services\Groups\Groups.Infrastructure\Groups.Infrastructure.csproj", "{B553DD5E-7160-4269-A213-6CBD567E7587}"
EndProject
Project("{FAE04EC0-301F-11D3-BF4B-00C04F79EFBC}") = "Comments.Domain", "Services\Comments\Comments.Domain\Comments.Domain.csproj", "{5FBBFBB4-48E4-486D-A87A-B3E808E414CC}"
EndProject
Project("{FAE04EC0-301F-11D3-BF4B-00C04F79EFBC}") = "Comments.Application", "Services\Comments\Comments.Application\Comments.Application.csproj", "{72A5F5FE-6EB1-425B-A057-06E663892A7D}"
EndProject
Project("{FAE04EC0-301F-11D3-BF4B-00C04F79EFBC}") = "Comments.API", "Services\Comments\Comments.API\Comments.API.csproj", "{06CC757E-FBA1-4DCA-96A8-DDCFE1883099}"
EndProject
Project("{FAE04EC0-301F-11D3-BF4B-00C04F79EFBC}") = "Chat.API", "Services\Chat\Chat.API\Chat.API.csproj", "{52D152E0-8455-4060-BE0A-870C7BBBB7F6}"
EndProject
Project("{FAE04EC0-301F-11D3-BF4B-00C04F79EFBC}") = "Chat.Domain", "Services\Chat\Chat.Domain\Chat.Domain.csproj", "{6F9E7F28-D06A-4050-A48F-4E6AD18B725E}"
EndProject
Project("{FAE04EC0-301F-11D3-BF4B-00C04F79EFBC}") = "Chat.Application", "Services\Chat\Chat.Application\Chat.Application.csproj", "{A35C72B0-2FB1-489D-865D-174013880340}"
EndProject
Project("{FAE04EC0-301F-11D3-BF4B-00C04F79EFBC}") = "Chat.Infrastructure", "Services\Chat\Chat.Infrastructure\Chat.Infrastructure.csproj", "{428DE1F6-011C-450D-B3D5-1D248DB9BF80}"
EndProject
Project("{FAE04EC0-301F-11D3-BF4B-00C04F79EFBC}") = "Events.Domain", "Services\Events\Events.Domain\Events.Domain.csproj", "{5986E17E-2768-49ED-9B8E-857AEF9397F0}"
EndProject
Project("{FAE04EC0-301F-11D3-BF4B-00C04F79EFBC}") = "Events.Application", "Services\Events\Events.Application\Events.Application.csproj", "{6FB3F9CC-1168-4722-912E-9DFDC5DA4785}"
EndProject
Project("{FAE04EC0-301F-11D3-BF4B-00C04F79EFBC}") = "Events.Infrastructure", "Services\Events\Events.Infrastructure\Events.Infrastructure.csproj", "{9D1C9FD1-3EE4-4140-96E8-6FBCC4E1454B}"
EndProject
Project("{FAE04EC0-301F-11D3-BF4B-00C04F79EFBC}") = "Events.API", "Services\Events\Events.API\Events.API.csproj", "{509EA1C0-1E80-427E-A77C-5005DA0238E3}"
EndProject
Project("{FAE04EC0-301F-11D3-BF4B-00C04F79EFBC}") = "User.API", "Services\User\User.API\User.API.csproj", "{5C926F5E-862E-4A08-A0F4-03F46CD85AC7}"
EndProject
Project("{FAE04EC0-301F-11D3-BF4B-00C04F79EFBC}") = "User.Domain", "Services\User\User.Domain\User.Domain.csproj", "{D1A2EAA9-6BEC-4A87-AF13-5D18F886B36D}"
EndProject
Project("{FAE04EC0-301F-11D3-BF4B-00C04F79EFBC}") = "User.Application", "Services\User\User.Application\User.Application.csproj", "{7D257731-5CE4-4620-B6C1-4BC0BAF080CA}"
EndProject
Project("{FAE04EC0-301F-11D3-BF4B-00C04F79EFBC}") = "User.Infrastructure", "Services\User\User.Infrastructure\User.Infrastructure.csproj", "{71070DDC-E474-434F-A998-642F50241B5C}"
EndProject
Project("{FAE04EC0-301F-11D3-BF4B-00C04F79EFBC}") = "User.Persistence", "Services\User\User.Persistence\User.Persistence.csproj", "{C8A676B0-0A87-4B16-A3FF-A2CC69FD9752}"
EndProject
Project("{FAE04EC0-301F-11D3-BF4B-00C04F79EFBC}") = "User.Presentation", "Services\User\User.Presentation\User.Presentation.csproj", "{6BA70422-BD66-4498-8CBD-59F64F5EC93E}"
EndProject
Project("{FAE04EC0-301F-11D3-BF4B-00C04F79EFBC}") = "Comments.Infrastructure", "Services\Comments\Comments.Infrastructure\Comments.Infrastructure.csproj", "{3BEE09AD-557B-4675-8C34-CBB0C559DE78}"
EndProject
Project("{2150E333-8FDC-42A3-9474-1A3956D46DE8}") = "Report", "Report", "{593AD20E-72C9-4036-B76F-9506387C620F}"
EndProject
Project("{FAE04EC0-301F-11D3-BF4B-00C04F79EFBC}") = "Report.API", "Services\Report\Report.API\Report.API.csproj", "{757832E6-BA0F-4DA4-8F03-A5D93029A190}"
EndProject
Project("{2150E333-8FDC-42A3-9474-1A3956D46DE8}") = "Minio", "Minio", "{E0A91771-25F5-491C-96B6-290CA3369797}"
EndProject
Project("{2150E333-8FDC-42A3-9474-1A3956D46DE8}") = "Elastichsearch", "Elastichsearch", "{E0E637BE-800E-4E9A-9AC1-9CF65D2CB0BD}"
EndProject
Project("{2150E333-8FDC-42A3-9474-1A3956D46DE8}") = "Tests", "Tests", "{85547713-9E61-4C05-8CB9-ADFB5CCC1CBD}"
EndProject
Global
	GlobalSection(SolutionConfigurationPlatforms) = preSolution
		Debug|Any CPU = Debug|Any CPU
		Release|Any CPU = Release|Any CPU
	EndGlobalSection
	GlobalSection(ProjectConfigurationPlatforms) = postSolution
		{291E8254-9F45-4309-927A-A5EA3F84F542}.Debug|Any CPU.ActiveCfg = Debug|Any CPU
		{291E8254-9F45-4309-927A-A5EA3F84F542}.Debug|Any CPU.Build.0 = Debug|Any CPU
		{291E8254-9F45-4309-927A-A5EA3F84F542}.Release|Any CPU.ActiveCfg = Release|Any CPU
		{291E8254-9F45-4309-927A-A5EA3F84F542}.Release|Any CPU.Build.0 = Release|Any CPU
		{A39C7903-5F16-41C6-9275-94E3E391DFA0}.Debug|Any CPU.ActiveCfg = Debug|Any CPU
		{A39C7903-5F16-41C6-9275-94E3E391DFA0}.Debug|Any CPU.Build.0 = Debug|Any CPU
		{A39C7903-5F16-41C6-9275-94E3E391DFA0}.Release|Any CPU.ActiveCfg = Release|Any CPU
		{A39C7903-5F16-41C6-9275-94E3E391DFA0}.Release|Any CPU.Build.0 = Release|Any CPU
		{9BDC2EF2-87EC-407C-ACC2-5E9941E71C1F}.Debug|Any CPU.ActiveCfg = Debug|Any CPU
		{9BDC2EF2-87EC-407C-ACC2-5E9941E71C1F}.Debug|Any CPU.Build.0 = Debug|Any CPU
		{9BDC2EF2-87EC-407C-ACC2-5E9941E71C1F}.Release|Any CPU.ActiveCfg = Release|Any CPU
		{9BDC2EF2-87EC-407C-ACC2-5E9941E71C1F}.Release|Any CPU.Build.0 = Release|Any CPU
		{53F4005E-6E19-4588-901F-C06C630A1007}.Debug|Any CPU.ActiveCfg = Debug|Any CPU
		{53F4005E-6E19-4588-901F-C06C630A1007}.Debug|Any CPU.Build.0 = Debug|Any CPU
		{53F4005E-6E19-4588-901F-C06C630A1007}.Release|Any CPU.ActiveCfg = Release|Any CPU
		{53F4005E-6E19-4588-901F-C06C630A1007}.Release|Any CPU.Build.0 = Release|Any CPU
		{05B413C2-BA3E-4716-A2F6-C09992967CE5}.Debug|Any CPU.ActiveCfg = Debug|Any CPU
		{05B413C2-BA3E-4716-A2F6-C09992967CE5}.Debug|Any CPU.Build.0 = Debug|Any CPU
		{05B413C2-BA3E-4716-A2F6-C09992967CE5}.Release|Any CPU.ActiveCfg = Release|Any CPU
		{05B413C2-BA3E-4716-A2F6-C09992967CE5}.Release|Any CPU.Build.0 = Release|Any CPU
		{4108D498-C42C-4CD9-8851-ED2E0900178F}.Debug|Any CPU.ActiveCfg = Debug|Any CPU
		{4108D498-C42C-4CD9-8851-ED2E0900178F}.Debug|Any CPU.Build.0 = Debug|Any CPU
		{4108D498-C42C-4CD9-8851-ED2E0900178F}.Release|Any CPU.ActiveCfg = Release|Any CPU
		{4108D498-C42C-4CD9-8851-ED2E0900178F}.Release|Any CPU.Build.0 = Release|Any CPU
		{52353ABC-DDF1-4854-B276-0704D105FEEA}.Debug|Any CPU.ActiveCfg = Debug|Any CPU
		{52353ABC-DDF1-4854-B276-0704D105FEEA}.Debug|Any CPU.Build.0 = Debug|Any CPU
		{52353ABC-DDF1-4854-B276-0704D105FEEA}.Release|Any CPU.ActiveCfg = Release|Any CPU
		{52353ABC-DDF1-4854-B276-0704D105FEEA}.Release|Any CPU.Build.0 = Release|Any CPU
		{B70D7D61-CCFA-4143-AD17-7E3837A60D37}.Debug|Any CPU.ActiveCfg = Debug|Any CPU
		{B70D7D61-CCFA-4143-AD17-7E3837A60D37}.Debug|Any CPU.Build.0 = Debug|Any CPU
		{B70D7D61-CCFA-4143-AD17-7E3837A60D37}.Release|Any CPU.ActiveCfg = Release|Any CPU
		{B70D7D61-CCFA-4143-AD17-7E3837A60D37}.Release|Any CPU.Build.0 = Release|Any CPU
		{A984EBD1-D8F0-44E6-A7A1-AAE44909C13F}.Debug|Any CPU.ActiveCfg = Debug|Any CPU
		{A984EBD1-D8F0-44E6-A7A1-AAE44909C13F}.Debug|Any CPU.Build.0 = Debug|Any CPU
		{A984EBD1-D8F0-44E6-A7A1-AAE44909C13F}.Release|Any CPU.ActiveCfg = Release|Any CPU
		{A984EBD1-D8F0-44E6-A7A1-AAE44909C13F}.Release|Any CPU.Build.0 = Release|Any CPU
		{032F8027-00FA-405A-9795-1B90E0BF37D2}.Debug|Any CPU.ActiveCfg = Debug|Any CPU
		{032F8027-00FA-405A-9795-1B90E0BF37D2}.Debug|Any CPU.Build.0 = Debug|Any CPU
		{032F8027-00FA-405A-9795-1B90E0BF37D2}.Release|Any CPU.ActiveCfg = Release|Any CPU
		{032F8027-00FA-405A-9795-1B90E0BF37D2}.Release|Any CPU.Build.0 = Release|Any CPU
		{1422B68E-9EA9-491C-93B1-B45FD47372A8}.Debug|Any CPU.ActiveCfg = Debug|Any CPU
		{1422B68E-9EA9-491C-93B1-B45FD47372A8}.Debug|Any CPU.Build.0 = Debug|Any CPU
		{1422B68E-9EA9-491C-93B1-B45FD47372A8}.Release|Any CPU.ActiveCfg = Release|Any CPU
		{1422B68E-9EA9-491C-93B1-B45FD47372A8}.Release|Any CPU.Build.0 = Release|Any CPU
		{2AB94516-1AC0-42AA-9FEB-C4AA5180FE10}.Debug|Any CPU.ActiveCfg = Debug|Any CPU
		{2AB94516-1AC0-42AA-9FEB-C4AA5180FE10}.Debug|Any CPU.Build.0 = Debug|Any CPU
		{2AB94516-1AC0-42AA-9FEB-C4AA5180FE10}.Release|Any CPU.ActiveCfg = Release|Any CPU
		{2AB94516-1AC0-42AA-9FEB-C4AA5180FE10}.Release|Any CPU.Build.0 = Release|Any CPU
		{7FA12F0C-BCB6-4E41-9A9E-5E654E2F6BB7}.Debug|Any CPU.ActiveCfg = Debug|Any CPU
		{7FA12F0C-BCB6-4E41-9A9E-5E654E2F6BB7}.Debug|Any CPU.Build.0 = Debug|Any CPU
		{7FA12F0C-BCB6-4E41-9A9E-5E654E2F6BB7}.Release|Any CPU.ActiveCfg = Release|Any CPU
		{7FA12F0C-BCB6-4E41-9A9E-5E654E2F6BB7}.Release|Any CPU.Build.0 = Release|Any CPU
		{013E1010-C47B-42FD-AA16-71CEC8E365A4}.Debug|Any CPU.ActiveCfg = Debug|Any CPU
		{013E1010-C47B-42FD-AA16-71CEC8E365A4}.Debug|Any CPU.Build.0 = Debug|Any CPU
		{013E1010-C47B-42FD-AA16-71CEC8E365A4}.Release|Any CPU.ActiveCfg = Release|Any CPU
		{013E1010-C47B-42FD-AA16-71CEC8E365A4}.Release|Any CPU.Build.0 = Release|Any CPU
		{E7139455-7C64-4711-A86E-E785CB4FBC23}.Debug|Any CPU.ActiveCfg = Debug|Any CPU
		{E7139455-7C64-4711-A86E-E785CB4FBC23}.Debug|Any CPU.Build.0 = Debug|Any CPU
		{E7139455-7C64-4711-A86E-E785CB4FBC23}.Release|Any CPU.ActiveCfg = Release|Any CPU
		{E7139455-7C64-4711-A86E-E785CB4FBC23}.Release|Any CPU.Build.0 = Release|Any CPU
		{3B2B2003-67EC-4372-B0FE-A69321B1052C}.Debug|Any CPU.ActiveCfg = Debug|Any CPU
		{3B2B2003-67EC-4372-B0FE-A69321B1052C}.Debug|Any CPU.Build.0 = Debug|Any CPU
		{3B2B2003-67EC-4372-B0FE-A69321B1052C}.Release|Any CPU.ActiveCfg = Release|Any CPU
		{3B2B2003-67EC-4372-B0FE-A69321B1052C}.Release|Any CPU.Build.0 = Release|Any CPU
		{9D1156B0-EDA3-4E2A-998C-D0FC283CD09F}.Debug|Any CPU.ActiveCfg = Debug|Any CPU
		{9D1156B0-EDA3-4E2A-998C-D0FC283CD09F}.Debug|Any CPU.Build.0 = Debug|Any CPU
		{9D1156B0-EDA3-4E2A-998C-D0FC283CD09F}.Release|Any CPU.ActiveCfg = Release|Any CPU
		{9D1156B0-EDA3-4E2A-998C-D0FC283CD09F}.Release|Any CPU.Build.0 = Release|Any CPU
		{F52E0513-DF34-4620-B290-05598C1BDEBA}.Debug|Any CPU.ActiveCfg = Debug|Any CPU
		{F52E0513-DF34-4620-B290-05598C1BDEBA}.Debug|Any CPU.Build.0 = Debug|Any CPU
		{F52E0513-DF34-4620-B290-05598C1BDEBA}.Release|Any CPU.ActiveCfg = Release|Any CPU
		{F52E0513-DF34-4620-B290-05598C1BDEBA}.Release|Any CPU.Build.0 = Release|Any CPU
		{F31EE5AC-43BB-4684-B8C4-DE22B5992DFD}.Debug|Any CPU.ActiveCfg = Debug|Any CPU
		{F31EE5AC-43BB-4684-B8C4-DE22B5992DFD}.Debug|Any CPU.Build.0 = Debug|Any CPU
		{F31EE5AC-43BB-4684-B8C4-DE22B5992DFD}.Release|Any CPU.ActiveCfg = Release|Any CPU
		{F31EE5AC-43BB-4684-B8C4-DE22B5992DFD}.Release|Any CPU.Build.0 = Release|Any CPU
		{726EF1C4-2670-4D95-B33E-83FFF9081934}.Debug|Any CPU.ActiveCfg = Debug|Any CPU
		{726EF1C4-2670-4D95-B33E-83FFF9081934}.Debug|Any CPU.Build.0 = Debug|Any CPU
		{726EF1C4-2670-4D95-B33E-83FFF9081934}.Release|Any CPU.ActiveCfg = Release|Any CPU
		{726EF1C4-2670-4D95-B33E-83FFF9081934}.Release|Any CPU.Build.0 = Release|Any CPU
		{89721F47-1F26-4EC2-A725-32662195A158}.Debug|Any CPU.ActiveCfg = Debug|Any CPU
		{89721F47-1F26-4EC2-A725-32662195A158}.Debug|Any CPU.Build.0 = Debug|Any CPU
		{89721F47-1F26-4EC2-A725-32662195A158}.Release|Any CPU.ActiveCfg = Release|Any CPU
		{89721F47-1F26-4EC2-A725-32662195A158}.Release|Any CPU.Build.0 = Release|Any CPU
		{4C570DF4-A763-46D2-AFD4-764061170789}.Debug|Any CPU.ActiveCfg = Debug|Any CPU
		{4C570DF4-A763-46D2-AFD4-764061170789}.Debug|Any CPU.Build.0 = Debug|Any CPU
		{4C570DF4-A763-46D2-AFD4-764061170789}.Release|Any CPU.ActiveCfg = Release|Any CPU
		{4C570DF4-A763-46D2-AFD4-764061170789}.Release|Any CPU.Build.0 = Release|Any CPU
		{5DC62EC3-BE40-43A4-8B00-C1BB5DFAA132}.Debug|Any CPU.ActiveCfg = Debug|Any CPU
		{5DC62EC3-BE40-43A4-8B00-C1BB5DFAA132}.Debug|Any CPU.Build.0 = Debug|Any CPU
		{5DC62EC3-BE40-43A4-8B00-C1BB5DFAA132}.Release|Any CPU.ActiveCfg = Release|Any CPU
		{5DC62EC3-BE40-43A4-8B00-C1BB5DFAA132}.Release|Any CPU.Build.0 = Release|Any CPU
		{BF3EB4BB-EC29-41E6-8236-91DB2B6A5E1C}.Debug|Any CPU.ActiveCfg = Debug|Any CPU
		{BF3EB4BB-EC29-41E6-8236-91DB2B6A5E1C}.Debug|Any CPU.Build.0 = Debug|Any CPU
		{BF3EB4BB-EC29-41E6-8236-91DB2B6A5E1C}.Release|Any CPU.ActiveCfg = Release|Any CPU
		{BF3EB4BB-EC29-41E6-8236-91DB2B6A5E1C}.Release|Any CPU.Build.0 = Release|Any CPU
		{45B6AC85-45A4-4950-BB86-E3D1DE68F32F}.Debug|Any CPU.ActiveCfg = Debug|Any CPU
		{45B6AC85-45A4-4950-BB86-E3D1DE68F32F}.Debug|Any CPU.Build.0 = Debug|Any CPU
		{45B6AC85-45A4-4950-BB86-E3D1DE68F32F}.Release|Any CPU.ActiveCfg = Release|Any CPU
		{45B6AC85-45A4-4950-BB86-E3D1DE68F32F}.Release|Any CPU.Build.0 = Release|Any CPU
		{F42FB233-6F60-4092-9F7A-E034FE693594}.Debug|Any CPU.ActiveCfg = Debug|Any CPU
		{F42FB233-6F60-4092-9F7A-E034FE693594}.Debug|Any CPU.Build.0 = Debug|Any CPU
		{F42FB233-6F60-4092-9F7A-E034FE693594}.Release|Any CPU.ActiveCfg = Release|Any CPU
		{F42FB233-6F60-4092-9F7A-E034FE693594}.Release|Any CPU.Build.0 = Release|Any CPU
		{DD7D14A4-362B-45C8-8657-4C1887576366}.Debug|Any CPU.ActiveCfg = Debug|Any CPU
		{DD7D14A4-362B-45C8-8657-4C1887576366}.Debug|Any CPU.Build.0 = Debug|Any CPU
		{DD7D14A4-362B-45C8-8657-4C1887576366}.Release|Any CPU.ActiveCfg = Release|Any CPU
		{DD7D14A4-362B-45C8-8657-4C1887576366}.Release|Any CPU.Build.0 = Release|Any CPU
		{D34E79BA-B218-4A0F-BF33-51A8AD637EA2}.Debug|Any CPU.ActiveCfg = Debug|Any CPU
		{D34E79BA-B218-4A0F-BF33-51A8AD637EA2}.Debug|Any CPU.Build.0 = Debug|Any CPU
		{D34E79BA-B218-4A0F-BF33-51A8AD637EA2}.Release|Any CPU.ActiveCfg = Release|Any CPU
		{D34E79BA-B218-4A0F-BF33-51A8AD637EA2}.Release|Any CPU.Build.0 = Release|Any CPU
		{78C8BB3F-F96B-4A14-8690-697CCDAE7840}.Debug|Any CPU.ActiveCfg = Debug|Any CPU
		{78C8BB3F-F96B-4A14-8690-697CCDAE7840}.Debug|Any CPU.Build.0 = Debug|Any CPU
		{78C8BB3F-F96B-4A14-8690-697CCDAE7840}.Release|Any CPU.ActiveCfg = Release|Any CPU
		{78C8BB3F-F96B-4A14-8690-697CCDAE7840}.Release|Any CPU.Build.0 = Release|Any CPU
		{B553DD5E-7160-4269-A213-6CBD567E7587}.Debug|Any CPU.ActiveCfg = Debug|Any CPU
		{B553DD5E-7160-4269-A213-6CBD567E7587}.Debug|Any CPU.Build.0 = Debug|Any CPU
		{B553DD5E-7160-4269-A213-6CBD567E7587}.Release|Any CPU.ActiveCfg = Release|Any CPU
		{B553DD5E-7160-4269-A213-6CBD567E7587}.Release|Any CPU.Build.0 = Release|Any CPU
		{5FBBFBB4-48E4-486D-A87A-B3E808E414CC}.Debug|Any CPU.ActiveCfg = Debug|Any CPU
		{5FBBFBB4-48E4-486D-A87A-B3E808E414CC}.Debug|Any CPU.Build.0 = Debug|Any CPU
		{5FBBFBB4-48E4-486D-A87A-B3E808E414CC}.Release|Any CPU.ActiveCfg = Release|Any CPU
		{5FBBFBB4-48E4-486D-A87A-B3E808E414CC}.Release|Any CPU.Build.0 = Release|Any CPU
		{72A5F5FE-6EB1-425B-A057-06E663892A7D}.Debug|Any CPU.ActiveCfg = Debug|Any CPU
		{72A5F5FE-6EB1-425B-A057-06E663892A7D}.Debug|Any CPU.Build.0 = Debug|Any CPU
		{72A5F5FE-6EB1-425B-A057-06E663892A7D}.Release|Any CPU.ActiveCfg = Release|Any CPU
		{72A5F5FE-6EB1-425B-A057-06E663892A7D}.Release|Any CPU.Build.0 = Release|Any CPU
		{06CC757E-FBA1-4DCA-96A8-DDCFE1883099}.Debug|Any CPU.ActiveCfg = Debug|Any CPU
		{06CC757E-FBA1-4DCA-96A8-DDCFE1883099}.Debug|Any CPU.Build.0 = Debug|Any CPU
		{06CC757E-FBA1-4DCA-96A8-DDCFE1883099}.Release|Any CPU.ActiveCfg = Release|Any CPU
		{06CC757E-FBA1-4DCA-96A8-DDCFE1883099}.Release|Any CPU.Build.0 = Release|Any CPU
		{52D152E0-8455-4060-BE0A-870C7BBBB7F6}.Debug|Any CPU.ActiveCfg = Debug|Any CPU
		{52D152E0-8455-4060-BE0A-870C7BBBB7F6}.Debug|Any CPU.Build.0 = Debug|Any CPU
		{52D152E0-8455-4060-BE0A-870C7BBBB7F6}.Release|Any CPU.ActiveCfg = Release|Any CPU
		{52D152E0-8455-4060-BE0A-870C7BBBB7F6}.Release|Any CPU.Build.0 = Release|Any CPU
		{6F9E7F28-D06A-4050-A48F-4E6AD18B725E}.Debug|Any CPU.ActiveCfg = Debug|Any CPU
		{6F9E7F28-D06A-4050-A48F-4E6AD18B725E}.Debug|Any CPU.Build.0 = Debug|Any CPU
		{6F9E7F28-D06A-4050-A48F-4E6AD18B725E}.Release|Any CPU.ActiveCfg = Release|Any CPU
		{6F9E7F28-D06A-4050-A48F-4E6AD18B725E}.Release|Any CPU.Build.0 = Release|Any CPU
		{A35C72B0-2FB1-489D-865D-174013880340}.Debug|Any CPU.ActiveCfg = Debug|Any CPU
		{A35C72B0-2FB1-489D-865D-174013880340}.Debug|Any CPU.Build.0 = Debug|Any CPU
		{A35C72B0-2FB1-489D-865D-174013880340}.Release|Any CPU.ActiveCfg = Release|Any CPU
		{A35C72B0-2FB1-489D-865D-174013880340}.Release|Any CPU.Build.0 = Release|Any CPU
		{428DE1F6-011C-450D-B3D5-1D248DB9BF80}.Debug|Any CPU.ActiveCfg = Debug|Any CPU
		{428DE1F6-011C-450D-B3D5-1D248DB9BF80}.Debug|Any CPU.Build.0 = Debug|Any CPU
		{428DE1F6-011C-450D-B3D5-1D248DB9BF80}.Release|Any CPU.ActiveCfg = Release|Any CPU
		{428DE1F6-011C-450D-B3D5-1D248DB9BF80}.Release|Any CPU.Build.0 = Release|Any CPU
		{5986E17E-2768-49ED-9B8E-857AEF9397F0}.Debug|Any CPU.ActiveCfg = Debug|Any CPU
		{5986E17E-2768-49ED-9B8E-857AEF9397F0}.Debug|Any CPU.Build.0 = Debug|Any CPU
		{5986E17E-2768-49ED-9B8E-857AEF9397F0}.Release|Any CPU.ActiveCfg = Release|Any CPU
		{5986E17E-2768-49ED-9B8E-857AEF9397F0}.Release|Any CPU.Build.0 = Release|Any CPU
		{6FB3F9CC-1168-4722-912E-9DFDC5DA4785}.Debug|Any CPU.ActiveCfg = Debug|Any CPU
		{6FB3F9CC-1168-4722-912E-9DFDC5DA4785}.Debug|Any CPU.Build.0 = Debug|Any CPU
		{6FB3F9CC-1168-4722-912E-9DFDC5DA4785}.Release|Any CPU.ActiveCfg = Release|Any CPU
		{6FB3F9CC-1168-4722-912E-9DFDC5DA4785}.Release|Any CPU.Build.0 = Release|Any CPU
		{9D1C9FD1-3EE4-4140-96E8-6FBCC4E1454B}.Debug|Any CPU.ActiveCfg = Debug|Any CPU
		{9D1C9FD1-3EE4-4140-96E8-6FBCC4E1454B}.Debug|Any CPU.Build.0 = Debug|Any CPU
		{9D1C9FD1-3EE4-4140-96E8-6FBCC4E1454B}.Release|Any CPU.ActiveCfg = Release|Any CPU
		{9D1C9FD1-3EE4-4140-96E8-6FBCC4E1454B}.Release|Any CPU.Build.0 = Release|Any CPU
		{509EA1C0-1E80-427E-A77C-5005DA0238E3}.Debug|Any CPU.ActiveCfg = Debug|Any CPU
		{509EA1C0-1E80-427E-A77C-5005DA0238E3}.Debug|Any CPU.Build.0 = Debug|Any CPU
		{509EA1C0-1E80-427E-A77C-5005DA0238E3}.Release|Any CPU.ActiveCfg = Release|Any CPU
		{509EA1C0-1E80-427E-A77C-5005DA0238E3}.Release|Any CPU.Build.0 = Release|Any CPU
		{5C926F5E-862E-4A08-A0F4-03F46CD85AC7}.Debug|Any CPU.ActiveCfg = Debug|Any CPU
		{5C926F5E-862E-4A08-A0F4-03F46CD85AC7}.Debug|Any CPU.Build.0 = Debug|Any CPU
		{5C926F5E-862E-4A08-A0F4-03F46CD85AC7}.Release|Any CPU.ActiveCfg = Release|Any CPU
		{5C926F5E-862E-4A08-A0F4-03F46CD85AC7}.Release|Any CPU.Build.0 = Release|Any CPU
		{D1A2EAA9-6BEC-4A87-AF13-5D18F886B36D}.Debug|Any CPU.ActiveCfg = Debug|Any CPU
		{D1A2EAA9-6BEC-4A87-AF13-5D18F886B36D}.Debug|Any CPU.Build.0 = Debug|Any CPU
		{D1A2EAA9-6BEC-4A87-AF13-5D18F886B36D}.Release|Any CPU.ActiveCfg = Release|Any CPU
		{D1A2EAA9-6BEC-4A87-AF13-5D18F886B36D}.Release|Any CPU.Build.0 = Release|Any CPU
		{7D257731-5CE4-4620-B6C1-4BC0BAF080CA}.Debug|Any CPU.ActiveCfg = Debug|Any CPU
		{7D257731-5CE4-4620-B6C1-4BC0BAF080CA}.Debug|Any CPU.Build.0 = Debug|Any CPU
		{7D257731-5CE4-4620-B6C1-4BC0BAF080CA}.Release|Any CPU.ActiveCfg = Release|Any CPU
		{7D257731-5CE4-4620-B6C1-4BC0BAF080CA}.Release|Any CPU.Build.0 = Release|Any CPU
		{71070DDC-E474-434F-A998-642F50241B5C}.Debug|Any CPU.ActiveCfg = Debug|Any CPU
		{71070DDC-E474-434F-A998-642F50241B5C}.Debug|Any CPU.Build.0 = Debug|Any CPU
		{71070DDC-E474-434F-A998-642F50241B5C}.Release|Any CPU.ActiveCfg = Release|Any CPU
		{71070DDC-E474-434F-A998-642F50241B5C}.Release|Any CPU.Build.0 = Release|Any CPU
		{C8A676B0-0A87-4B16-A3FF-A2CC69FD9752}.Debug|Any CPU.ActiveCfg = Debug|Any CPU
		{C8A676B0-0A87-4B16-A3FF-A2CC69FD9752}.Debug|Any CPU.Build.0 = Debug|Any CPU
		{C8A676B0-0A87-4B16-A3FF-A2CC69FD9752}.Release|Any CPU.ActiveCfg = Release|Any CPU
		{C8A676B0-0A87-4B16-A3FF-A2CC69FD9752}.Release|Any CPU.Build.0 = Release|Any CPU
		{6BA70422-BD66-4498-8CBD-59F64F5EC93E}.Debug|Any CPU.ActiveCfg = Debug|Any CPU
		{6BA70422-BD66-4498-8CBD-59F64F5EC93E}.Debug|Any CPU.Build.0 = Debug|Any CPU
		{6BA70422-BD66-4498-8CBD-59F64F5EC93E}.Release|Any CPU.ActiveCfg = Release|Any CPU
		{6BA70422-BD66-4498-8CBD-59F64F5EC93E}.Release|Any CPU.Build.0 = Release|Any CPU
		{3BEE09AD-557B-4675-8C34-CBB0C559DE78}.Debug|Any CPU.ActiveCfg = Debug|Any CPU
		{3BEE09AD-557B-4675-8C34-CBB0C559DE78}.Debug|Any CPU.Build.0 = Debug|Any CPU
		{3BEE09AD-557B-4675-8C34-CBB0C559DE78}.Release|Any CPU.ActiveCfg = Release|Any CPU
		{3BEE09AD-557B-4675-8C34-CBB0C559DE78}.Release|Any CPU.Build.0 = Release|Any CPU
		{757832E6-BA0F-4DA4-8F03-A5D93029A190}.Debug|Any CPU.ActiveCfg = Debug|Any CPU
		{757832E6-BA0F-4DA4-8F03-A5D93029A190}.Debug|Any CPU.Build.0 = Debug|Any CPU
		{757832E6-BA0F-4DA4-8F03-A5D93029A190}.Release|Any CPU.ActiveCfg = Release|Any CPU
		{757832E6-BA0F-4DA4-8F03-A5D93029A190}.Release|Any CPU.Build.0 = Release|Any CPU
	EndGlobalSection
	GlobalSection(SolutionProperties) = preSolution
		HideSolutionNode = FALSE
	EndGlobalSection
	GlobalSection(NestedProjects) = preSolution
		{3B1F2FFF-8A02-49E0-BAC2-36CC43EDE2BD} = {70A88F72-361B-41DA-825A-51284328AD87}
		{056B0DEC-C751-4F4C-B750-9A46B2E241D1} = {70A88F72-361B-41DA-825A-51284328AD87}
		{16AB687D-94C4-4D46-93C2-34F6A6880AE9} = {54A83216-C617-4D4A-B4EA-B5DE7F1C7264}
		{9FA62F1E-C3A7-4908-9E6E-EA4409FCB47A} = {54A83216-C617-4D4A-B4EA-B5DE7F1C7264}
		{9E145030-52A3-4B43-B6F6-E8FAD4B42BE0} = {54A83216-C617-4D4A-B4EA-B5DE7F1C7264}
		{3F3E7FC3-9C48-4B74-A22A-427EF060E48E} = {54A83216-C617-4D4A-B4EA-B5DE7F1C7264}
		{673BA6B3-C2D1-41EC-96CF-B9D335F30683} = {54A83216-C617-4D4A-B4EA-B5DE7F1C7264}
		{43648065-3E03-4170-B3A7-24198C25D189} = {54A83216-C617-4D4A-B4EA-B5DE7F1C7264}
		{A6013299-F31B-401E-BCB5-BEDBD8A63D2D} = {54A83216-C617-4D4A-B4EA-B5DE7F1C7264}
		{3006791C-DA4B-4A7D-99C5-D539357BC557} = {54A83216-C617-4D4A-B4EA-B5DE7F1C7264}
		{C99D7D4E-65A6-41EB-B65C-D083C5833091} = {54A83216-C617-4D4A-B4EA-B5DE7F1C7264}
		{405D1EE8-A63E-485A-9910-C6ADAA15D00F} = {54A83216-C617-4D4A-B4EA-B5DE7F1C7264}
		{6DFB3B3F-A669-462E-8BB6-8DC57403F139} = {54A83216-C617-4D4A-B4EA-B5DE7F1C7264}
		{EE3214EE-0E65-4C15-A57A-66F019C36F17} = {54A83216-C617-4D4A-B4EA-B5DE7F1C7264}
		{291E8254-9F45-4309-927A-A5EA3F84F542} = {16AB687D-94C4-4D46-93C2-34F6A6880AE9}
		{A39C7903-5F16-41C6-9275-94E3E391DFA0} = {16AB687D-94C4-4D46-93C2-34F6A6880AE9}
		{9BDC2EF2-87EC-407C-ACC2-5E9941E71C1F} = {9E145030-52A3-4B43-B6F6-E8FAD4B42BE0}
		{53F4005E-6E19-4588-901F-C06C630A1007} = {3B1F2FFF-8A02-49E0-BAC2-36CC43EDE2BD}
		{05B413C2-BA3E-4716-A2F6-C09992967CE5} = {056B0DEC-C751-4F4C-B750-9A46B2E241D1}
		{4108D498-C42C-4CD9-8851-ED2E0900178F} = {16AB687D-94C4-4D46-93C2-34F6A6880AE9}
		{52353ABC-DDF1-4854-B276-0704D105FEEA} = {16AB687D-94C4-4D46-93C2-34F6A6880AE9}
		{B70D7D61-CCFA-4143-AD17-7E3837A60D37} = {405D1EE8-A63E-485A-9910-C6ADAA15D00F}
		{A984EBD1-D8F0-44E6-A7A1-AAE44909C13F} = {405D1EE8-A63E-485A-9910-C6ADAA15D00F}
		{032F8027-00FA-405A-9795-1B90E0BF37D2} = {405D1EE8-A63E-485A-9910-C6ADAA15D00F}
		{1422B68E-9EA9-491C-93B1-B45FD47372A8} = {405D1EE8-A63E-485A-9910-C6ADAA15D00F}
		{2AB94516-1AC0-42AA-9FEB-C4AA5180FE10} = {7AB81441-67EE-432A-83AC-F7CF51CB9F6F}
		{7FA12F0C-BCB6-4E41-9A9E-5E654E2F6BB7} = {3B1F2FFF-8A02-49E0-BAC2-36CC43EDE2BD}
		{013E1010-C47B-42FD-AA16-71CEC8E365A4} = {9FA62F1E-C3A7-4908-9E6E-EA4409FCB47A}
		{E7139455-7C64-4711-A86E-E785CB4FBC23} = {3F3E7FC3-9C48-4B74-A22A-427EF060E48E}
		{3B2B2003-67EC-4372-B0FE-A69321B1052C} = {3F3E7FC3-9C48-4B74-A22A-427EF060E48E}
		{9D1156B0-EDA3-4E2A-998C-D0FC283CD09F} = {3F3E7FC3-9C48-4B74-A22A-427EF060E48E}
		{F52E0513-DF34-4620-B290-05598C1BDEBA} = {3F3E7FC3-9C48-4B74-A22A-427EF060E48E}
		{F31EE5AC-43BB-4684-B8C4-DE22B5992DFD} = {C99D7D4E-65A6-41EB-B65C-D083C5833091}
		{726EF1C4-2670-4D95-B33E-83FFF9081934} = {C99D7D4E-65A6-41EB-B65C-D083C5833091}
		{89721F47-1F26-4EC2-A725-32662195A158} = {C99D7D4E-65A6-41EB-B65C-D083C5833091}
		{4C570DF4-A763-46D2-AFD4-764061170789} = {C99D7D4E-65A6-41EB-B65C-D083C5833091}
		{5DC62EC3-BE40-43A4-8B00-C1BB5DFAA132} = {673BA6B3-C2D1-41EC-96CF-B9D335F30683}
		{BF3EB4BB-EC29-41E6-8236-91DB2B6A5E1C} = {673BA6B3-C2D1-41EC-96CF-B9D335F30683}
		{45B6AC85-45A4-4950-BB86-E3D1DE68F32F} = {673BA6B3-C2D1-41EC-96CF-B9D335F30683}
		{F42FB233-6F60-4092-9F7A-E034FE693594} = {673BA6B3-C2D1-41EC-96CF-B9D335F30683}
		{DD7D14A4-362B-45C8-8657-4C1887576366} = {A6013299-F31B-401E-BCB5-BEDBD8A63D2D}
		{D34E79BA-B218-4A0F-BF33-51A8AD637EA2} = {A6013299-F31B-401E-BCB5-BEDBD8A63D2D}
		{78C8BB3F-F96B-4A14-8690-697CCDAE7840} = {A6013299-F31B-401E-BCB5-BEDBD8A63D2D}
		{B553DD5E-7160-4269-A213-6CBD567E7587} = {A6013299-F31B-401E-BCB5-BEDBD8A63D2D}
		{5FBBFBB4-48E4-486D-A87A-B3E808E414CC} = {43648065-3E03-4170-B3A7-24198C25D189}
		{72A5F5FE-6EB1-425B-A057-06E663892A7D} = {43648065-3E03-4170-B3A7-24198C25D189}
		{06CC757E-FBA1-4DCA-96A8-DDCFE1883099} = {43648065-3E03-4170-B3A7-24198C25D189}
		{52D152E0-8455-4060-BE0A-870C7BBBB7F6} = {3006791C-DA4B-4A7D-99C5-D539357BC557}
		{6F9E7F28-D06A-4050-A48F-4E6AD18B725E} = {3006791C-DA4B-4A7D-99C5-D539357BC557}
		{A35C72B0-2FB1-489D-865D-174013880340} = {3006791C-DA4B-4A7D-99C5-D539357BC557}
		{428DE1F6-011C-450D-B3D5-1D248DB9BF80} = {3006791C-DA4B-4A7D-99C5-D539357BC557}
		{5986E17E-2768-49ED-9B8E-857AEF9397F0} = {6DFB3B3F-A669-462E-8BB6-8DC57403F139}
		{6FB3F9CC-1168-4722-912E-9DFDC5DA4785} = {6DFB3B3F-A669-462E-8BB6-8DC57403F139}
		{9D1C9FD1-3EE4-4140-96E8-6FBCC4E1454B} = {6DFB3B3F-A669-462E-8BB6-8DC57403F139}
		{509EA1C0-1E80-427E-A77C-5005DA0238E3} = {6DFB3B3F-A669-462E-8BB6-8DC57403F139}
		{5C926F5E-862E-4A08-A0F4-03F46CD85AC7} = {EE3214EE-0E65-4C15-A57A-66F019C36F17}
		{D1A2EAA9-6BEC-4A87-AF13-5D18F886B36D} = {EE3214EE-0E65-4C15-A57A-66F019C36F17}
		{7D257731-5CE4-4620-B6C1-4BC0BAF080CA} = {EE3214EE-0E65-4C15-A57A-66F019C36F17}
		{71070DDC-E474-434F-A998-642F50241B5C} = {EE3214EE-0E65-4C15-A57A-66F019C36F17}
		{C8A676B0-0A87-4B16-A3FF-A2CC69FD9752} = {EE3214EE-0E65-4C15-A57A-66F019C36F17}
		{6BA70422-BD66-4498-8CBD-59F64F5EC93E} = {EE3214EE-0E65-4C15-A57A-66F019C36F17}
		{3BEE09AD-557B-4675-8C34-CBB0C559DE78} = {43648065-3E03-4170-B3A7-24198C25D189}
		{593AD20E-72C9-4036-B76F-9506387C620F} = {54A83216-C617-4D4A-B4EA-B5DE7F1C7264}
		{757832E6-BA0F-4DA4-8F03-A5D93029A190} = {593AD20E-72C9-4036-B76F-9506387C620F}
		{E0A91771-25F5-491C-96B6-290CA3369797} = {D1124210-8702-4039-8190-1272EB32A79C}
		{E0E637BE-800E-4E9A-9AC1-9CF65D2CB0BD} = {D1124210-8702-4039-8190-1272EB32A79C}
		{85547713-9E61-4C05-8CB9-ADFB5CCC1CBD} = {16AB687D-94C4-4D46-93C2-34F6A6880AE9}
	EndGlobalSection
	GlobalSection(ExtensibilityGlobals) = postSolution
		SolutionGuid = {47E49ECB-6911-4FDB-B053-FD6939C62477}
	EndGlobalSection
EndGlobal
